
Microsoft Visual Studio Solution File, Format Version 12.00
# Visual Studio Version 17
VisualStudioVersion = 17.1.32210.238
MinimumVisualStudioVersion = 10.0.40219.1
Project("{FAE04EC0-301F-11D3-BF4B-00C04F79EFBC}") = "Animal.Tests", "Animal.Tests\Animal.Tests.csproj", "{04C699A2-8320-438A-856E-AD6D15CCDD92}"
EndProject
Project("{FAE04EC0-301F-11D3-BF4B-00C04F79EFBC}") = "Perfil", "Perfil\Perfil.csproj", "{177468DF-62B7-430C-8E73-1A0481B7EB3F}"
EndProject
Project("{FAE04EC0-301F-11D3-BF4B-00C04F79EFBC}") = "Perfil.Tests", "Perfil.Tests\Perfil.Tests.csproj", "{FCCF0F2F-0942-4D8F-8CAD-E3E8ED2B14D6}"
EndProject
Project("{FAE04EC0-301F-11D3-BF4B-00C04F79EFBC}") = "Library", "Library\Library.csproj", "{156ECAE0-755B-49F9-80D0-02D9767DE4AD}"
EndProject
Project("{2150E333-8FDC-42A3-9474-1A3956D46DE8}") = "MSTest", "MSTest", "{676FEDD0-47DC-4FF6-ABF5-B8CF79AF78AA}"
EndProject
Project("{FAE04EC0-301F-11D3-BF4B-00C04F79EFBC}") = "Web", "Web\Web.csproj", "{E78A0C6F-C1B5-471E-8527-7DA090D8F3FB}"
EndProject
Project("{FAE04EC0-301F-11D3-BF4B-00C04F79EFBC}") = "Web.Tests", "Web.Tests\Web.Tests.csproj", "{2CFDAAD4-63F5-4B3B-8449-ABE0AC346FA1}"
EndProject
Project("{2150E333-8FDC-42A3-9474-1A3956D46DE8}") = "NUTest", "NUTest", "{7F97AFC7-0A92-43BF-8155-6F63E6ECB9B5}"
EndProject
Project("{9A19103F-16F7-4668-BE54-9A1E7A4F7556}") = "NAnimal", "NAnimal\NAnimal.csproj", "{87812821-D8EB-4A49-AB91-AE6E7D7A6CBA}"
EndProject
Project("{9A19103F-16F7-4668-BE54-9A1E7A4F7556}") = "NPerfil", "NPerfil\NPerfil.csproj", "{3A68FD53-E162-4680-963E-764A1F63C929}"
EndProject
Project("{9A19103F-16F7-4668-BE54-9A1E7A4F7556}") = "NWeb", "NWeb\NWeb.csproj", "{E06012AD-A86B-411E-AD65-E1E8E6027854}"
EndProject
Project("{9A19103F-16F7-4668-BE54-9A1E7A4F7556}") = "UWebAuth", "UWebViewer\UWebAuth.csproj", "{3B9B17E1-6FF9-414C-BB79-12E4D1626928}"
EndProject
Project("{2150E333-8FDC-42A3-9474-1A3956D46DE8}") = "Unit Test", "Unit Test", "{34EA67C6-174A-4E66-83DC-3927B3FAE488}"
EndProject
Project("{FAE04EC0-301F-11D3-BF4B-00C04F79EFBC}") = "WebAuth", "WebAuth\WebAuth.csproj", "{6A5CD9D3-AB67-431E-8766-86DCEECA2489}"
EndProject
Project("{FAE04EC0-301F-11D3-BF4B-00C04F79EFBC}") = "WebAuth.Tests", "WebAuth.Tests\WebAuth.Tests.csproj", "{B172461C-CDBF-4F55-9012-4BA627B28B62}"
EndProject
Project("{FAE04EC0-301F-11D3-BF4B-00C04F79EFBC}") = "SharedTest", "SharedTest\SharedTest.csproj", "{3EB8EAA1-9A42-4421-A1A7-5EAD3B742433}"
EndProject
Project("{FAE04EC0-301F-11D3-BF4B-00C04F79EFBC}") = "Animal", "Animal\Animal.csproj", "{A7656BB5-F79D-477A-B5AB-7900F8AD1FC2}"
EndProject
Global
	GlobalSection(SolutionConfigurationPlatforms) = preSolution
		Debug|Any CPU = Debug|Any CPU
		Release|Any CPU = Release|Any CPU
	EndGlobalSection
	GlobalSection(ProjectConfigurationPlatforms) = postSolution
		{04C699A2-8320-438A-856E-AD6D15CCDD92}.Debug|Any CPU.ActiveCfg = Debug|Any CPU
		{04C699A2-8320-438A-856E-AD6D15CCDD92}.Debug|Any CPU.Build.0 = Debug|Any CPU
		{04C699A2-8320-438A-856E-AD6D15CCDD92}.Release|Any CPU.ActiveCfg = Release|Any CPU
		{04C699A2-8320-438A-856E-AD6D15CCDD92}.Release|Any CPU.Build.0 = Release|Any CPU
		{177468DF-62B7-430C-8E73-1A0481B7EB3F}.Debug|Any CPU.ActiveCfg = Debug|Any CPU
		{177468DF-62B7-430C-8E73-1A0481B7EB3F}.Debug|Any CPU.Build.0 = Debug|Any CPU
		{177468DF-62B7-430C-8E73-1A0481B7EB3F}.Release|Any CPU.ActiveCfg = Release|Any CPU
		{177468DF-62B7-430C-8E73-1A0481B7EB3F}.Release|Any CPU.Build.0 = Release|Any CPU
		{FCCF0F2F-0942-4D8F-8CAD-E3E8ED2B14D6}.Debug|Any CPU.ActiveCfg = Debug|Any CPU
		{FCCF0F2F-0942-4D8F-8CAD-E3E8ED2B14D6}.Debug|Any CPU.Build.0 = Debug|Any CPU
		{FCCF0F2F-0942-4D8F-8CAD-E3E8ED2B14D6}.Release|Any CPU.ActiveCfg = Release|Any CPU
		{FCCF0F2F-0942-4D8F-8CAD-E3E8ED2B14D6}.Release|Any CPU.Build.0 = Release|Any CPU
		{156ECAE0-755B-49F9-80D0-02D9767DE4AD}.Debug|Any CPU.ActiveCfg = Debug|Any CPU
		{156ECAE0-755B-49F9-80D0-02D9767DE4AD}.Debug|Any CPU.Build.0 = Debug|Any CPU
		{156ECAE0-755B-49F9-80D0-02D9767DE4AD}.Release|Any CPU.ActiveCfg = Release|Any CPU
		{156ECAE0-755B-49F9-80D0-02D9767DE4AD}.Release|Any CPU.Build.0 = Release|Any CPU
		{E78A0C6F-C1B5-471E-8527-7DA090D8F3FB}.Debug|Any CPU.ActiveCfg = Debug|Any CPU
		{E78A0C6F-C1B5-471E-8527-7DA090D8F3FB}.Debug|Any CPU.Build.0 = Debug|Any CPU
		{E78A0C6F-C1B5-471E-8527-7DA090D8F3FB}.Release|Any CPU.ActiveCfg = Release|Any CPU
		{E78A0C6F-C1B5-471E-8527-7DA090D8F3FB}.Release|Any CPU.Build.0 = Release|Any CPU
		{2CFDAAD4-63F5-4B3B-8449-ABE0AC346FA1}.Debug|Any CPU.ActiveCfg = Debug|Any CPU
		{2CFDAAD4-63F5-4B3B-8449-ABE0AC346FA1}.Debug|Any CPU.Build.0 = Debug|Any CPU
		{2CFDAAD4-63F5-4B3B-8449-ABE0AC346FA1}.Release|Any CPU.ActiveCfg = Release|Any CPU
		{2CFDAAD4-63F5-4B3B-8449-ABE0AC346FA1}.Release|Any CPU.Build.0 = Release|Any CPU
		{87812821-D8EB-4A49-AB91-AE6E7D7A6CBA}.Debug|Any CPU.ActiveCfg = Debug|Any CPU
		{87812821-D8EB-4A49-AB91-AE6E7D7A6CBA}.Debug|Any CPU.Build.0 = Debug|Any CPU
		{87812821-D8EB-4A49-AB91-AE6E7D7A6CBA}.Release|Any CPU.ActiveCfg = Release|Any CPU
		{87812821-D8EB-4A49-AB91-AE6E7D7A6CBA}.Release|Any CPU.Build.0 = Release|Any CPU
		{3A68FD53-E162-4680-963E-764A1F63C929}.Debug|Any CPU.ActiveCfg = Debug|Any CPU
		{3A68FD53-E162-4680-963E-764A1F63C929}.Debug|Any CPU.Build.0 = Debug|Any CPU
		{3A68FD53-E162-4680-963E-764A1F63C929}.Release|Any CPU.ActiveCfg = Release|Any CPU
		{3A68FD53-E162-4680-963E-764A1F63C929}.Release|Any CPU.Build.0 = Release|Any CPU
		{E06012AD-A86B-411E-AD65-E1E8E6027854}.Debug|Any CPU.ActiveCfg = Debug|Any CPU
		{E06012AD-A86B-411E-AD65-E1E8E6027854}.Debug|Any CPU.Build.0 = Debug|Any CPU
		{E06012AD-A86B-411E-AD65-E1E8E6027854}.Release|Any CPU.ActiveCfg = Release|Any CPU
		{E06012AD-A86B-411E-AD65-E1E8E6027854}.Release|Any CPU.Build.0 = Release|Any CPU
		{3B9B17E1-6FF9-414C-BB79-12E4D1626928}.Debug|Any CPU.ActiveCfg = Debug|Any CPU
		{3B9B17E1-6FF9-414C-BB79-12E4D1626928}.Debug|Any CPU.Build.0 = Debug|Any CPU
		{3B9B17E1-6FF9-414C-BB79-12E4D1626928}.Release|Any CPU.ActiveCfg = Release|Any CPU
		{3B9B17E1-6FF9-414C-BB79-12E4D1626928}.Release|Any CPU.Build.0 = Release|Any CPU
		{6A5CD9D3-AB67-431E-8766-86DCEECA2489}.Debug|Any CPU.ActiveCfg = Debug|Any CPU
		{6A5CD9D3-AB67-431E-8766-86DCEECA2489}.Debug|Any CPU.Build.0 = Debug|Any CPU
		{6A5CD9D3-AB67-431E-8766-86DCEECA2489}.Release|Any CPU.ActiveCfg = Release|Any CPU
		{6A5CD9D3-AB67-431E-8766-86DCEECA2489}.Release|Any CPU.Build.0 = Release|Any CPU
		{B172461C-CDBF-4F55-9012-4BA627B28B62}.Debug|Any CPU.ActiveCfg = Debug|Any CPU
		{B172461C-CDBF-4F55-9012-4BA627B28B62}.Debug|Any CPU.Build.0 = Debug|Any CPU
		{B172461C-CDBF-4F55-9012-4BA627B28B62}.Release|Any CPU.ActiveCfg = Release|Any CPU
		{B172461C-CDBF-4F55-9012-4BA627B28B62}.Release|Any CPU.Build.0 = Release|Any CPU
		{3EB8EAA1-9A42-4421-A1A7-5EAD3B742433}.Debug|Any CPU.ActiveCfg = Debug|Any CPU
		{3EB8EAA1-9A42-4421-A1A7-5EAD3B742433}.Debug|Any CPU.Build.0 = Debug|Any CPU
		{3EB8EAA1-9A42-4421-A1A7-5EAD3B742433}.Release|Any CPU.ActiveCfg = Release|Any CPU
		{3EB8EAA1-9A42-4421-A1A7-5EAD3B742433}.Release|Any CPU.Build.0 = Release|Any CPU
		{A7656BB5-F79D-477A-B5AB-7900F8AD1FC2}.Debug|Any CPU.ActiveCfg = Debug|Any CPU
		{A7656BB5-F79D-477A-B5AB-7900F8AD1FC2}.Debug|Any CPU.Build.0 = Debug|Any CPU
		{A7656BB5-F79D-477A-B5AB-7900F8AD1FC2}.Release|Any CPU.ActiveCfg = Release|Any CPU
		{A7656BB5-F79D-477A-B5AB-7900F8AD1FC2}.Release|Any CPU.Build.0 = Release|Any CPU
	EndGlobalSection
	GlobalSection(SolutionProperties) = preSolution
		HideSolutionNode = FALSE
	EndGlobalSection
	GlobalSection(NestedProjects) = preSolution
		{04C699A2-8320-438A-856E-AD6D15CCDD92} = {676FEDD0-47DC-4FF6-ABF5-B8CF79AF78AA}
		{FCCF0F2F-0942-4D8F-8CAD-E3E8ED2B14D6} = {676FEDD0-47DC-4FF6-ABF5-B8CF79AF78AA}
		{676FEDD0-47DC-4FF6-ABF5-B8CF79AF78AA} = {34EA67C6-174A-4E66-83DC-3927B3FAE488}
		{2CFDAAD4-63F5-4B3B-8449-ABE0AC346FA1} = {676FEDD0-47DC-4FF6-ABF5-B8CF79AF78AA}
		{7F97AFC7-0A92-43BF-8155-6F63E6ECB9B5} = {34EA67C6-174A-4E66-83DC-3927B3FAE488}
		{87812821-D8EB-4A49-AB91-AE6E7D7A6CBA} = {7F97AFC7-0A92-43BF-8155-6F63E6ECB9B5}
		{3A68FD53-E162-4680-963E-764A1F63C929} = {7F97AFC7-0A92-43BF-8155-6F63E6ECB9B5}
		{E06012AD-A86B-411E-AD65-E1E8E6027854} = {7F97AFC7-0A92-43BF-8155-6F63E6ECB9B5}
		{3B9B17E1-6FF9-414C-BB79-12E4D1626928} = {7F97AFC7-0A92-43BF-8155-6F63E6ECB9B5}
		{B172461C-CDBF-4F55-9012-4BA627B28B62} = {676FEDD0-47DC-4FF6-ABF5-B8CF79AF78AA}
		{3EB8EAA1-9A42-4421-A1A7-5EAD3B742433} = {34EA67C6-174A-4E66-83DC-3927B3FAE488}
	EndGlobalSection
	GlobalSection(ExtensibilityGlobals) = postSolution
		SolutionGuid = {C1A618F9-DEC9-4D89-B5F2-EDB0EBB38478}
	EndGlobalSection
	GlobalSection(MonoDevelopProperties) = preSolution
		Policies = $0
		$0.DotNetNamingPolicy = $1
		$1.DirectoryNamespaceAssociation = PrefixedHierarchical
		$0.TextStylePolicy = $2
		$2.inheritsSet = null
		$2.scope = application/config+xml
		$0.XmlFormattingPolicy = $3
		$3.inheritsSet = null
		$3.scope = application/config+xml
	EndGlobalSection
EndGlobal
